
Microsoft Visual Studio Solution File, Format Version 12.00
# Visual Studio Version 17
VisualStudioVersion = 17.6.33815.320
MinimumVisualStudioVersion = 10.0.40219.1
Project("{FAE04EC0-301F-11D3-BF4B-00C04F79EFBC}") = "Student management System", "Student management System\Student management System.csproj", "{93164B6D-21FA-49AF-AA47-89F0AC50AE88}"
EndProject
Global
	GlobalSection(SolutionConfigurationPlatforms) = preSolution
		Debug|Any CPU = Debug|Any CPU
		Release|Any CPU = Release|Any CPU
	EndGlobalSection
	GlobalSection(ProjectConfigurationPlatforms) = postSolution
		{93164B6D-21FA-49AF-AA47-89F0AC50AE88}.Debug|Any CPU.ActiveCfg = Debug|Any CPU
		{93164B6D-21FA-49AF-AA47-89F0AC50AE88}.Debug|Any CPU.Build.0 = Debug|Any CPU
		{93164B6D-21FA-49AF-AA47-89F0AC50AE88}.Release|Any CPU.ActiveCfg = Release|Any CPU
		{93164B6D-21FA-49AF-AA47-89F0AC50AE88}.Release|Any CPU.Build.0 = Release|Any CPU
	EndGlobalSection
	GlobalSection(SolutionProperties) = preSolution
		HideSolutionNode = FALSE
	EndGlobalSection
	GlobalSection(ExtensibilityGlobals) = postSolution
		SolutionGuid = {B61788E8-A035-4EAE-80D4-4BE32B3FBEDD}
	EndGlobalSection
EndGlobal
